
Microsoft Visual Studio Solution File, Format Version 11.00
# Visual Studio 2010
Project("{FAE04EC0-301F-11D3-BF4B-00C04F79EFBC}") = "NinjAA-Backup", "Assembly-CSharp-firstpass.csproj", "{3F9EBB3D-6F47-41B0-984E-38091D582DC8}"
EndProject
Project("{FAE04EC0-301F-11D3-BF4B-00C04F79EFBC}") = "NinjAA-Backup", "Assembly-CSharp.csproj", "{095BE2FE-A65A-34B3-19D5-B78CD6E7FF44}"
EndProject
Global
	GlobalSection(SolutionConfigurationPlatforms) = preSolution
		Debug|Any CPU = Debug|Any CPU
		Release|Any CPU = Release|Any CPU
	EndGlobalSection
	GlobalSection(ProjectConfigurationPlatforms) = postSolution
		{3F9EBB3D-6F47-41B0-984E-38091D582DC8}.Debug|Any CPU.ActiveCfg = Debug|Any CPU
		{3F9EBB3D-6F47-41B0-984E-38091D582DC8}.Debug|Any CPU.Build.0 = Debug|Any CPU
		{3F9EBB3D-6F47-41B0-984E-38091D582DC8}.Release|Any CPU.ActiveCfg = Release|Any CPU
		{3F9EBB3D-6F47-41B0-984E-38091D582DC8}.Release|Any CPU.Build.0 = Release|Any CPU
		{095BE2FE-A65A-34B3-19D5-B78CD6E7FF44}.Debug|Any CPU.ActiveCfg = Debug|Any CPU
		{095BE2FE-A65A-34B3-19D5-B78CD6E7FF44}.Debug|Any CPU.Build.0 = Debug|Any CPU
		{095BE2FE-A65A-34B3-19D5-B78CD6E7FF44}.Release|Any CPU.ActiveCfg = Release|Any CPU
		{095BE2FE-A65A-34B3-19D5-B78CD6E7FF44}.Release|Any CPU.Build.0 = Release|Any CPU
	EndGlobalSection
	GlobalSection(SolutionProperties) = preSolution
		HideSolutionNode = FALSE
	EndGlobalSection
	GlobalSection(MonoDevelopProperties) = preSolution
		StartupItem = Assembly-CSharp.csproj
	EndGlobalSection
EndGlobal
